schema: '2.0'
stages:
  download:
    cmd: python -m src.data.download_kaggle --params params.yaml
    deps:
    - path: params.yaml
      hash: md5
      md5: 5ba89f122a301d7bb42c9516574c9358
      size: 616
    - path: src/data/download_kaggle.py
      hash: md5
      md5: 5173cd30778fad1e905560e69243874e
      size: 1402
    outs:
    - path: data/raw
      hash: md5
      md5: 8467ce11580412ec0b77ca194007550a.dir
      size: 848866410
      nfiles: 24998
  preprocess:
    cmd: python -m src.data.preprocess --params params.yaml
    deps:
    - path: data/raw
      hash: md5
      md5: 8467ce11580412ec0b77ca194007550a.dir
      size: 848866410
      nfiles: 24998
    - path: params.yaml
      hash: md5
      md5: 5ba89f122a301d7bb42c9516574c9358
      size: 616
    - path: src/data/preprocess.py
      hash: md5
      md5: 290c16538ddb5591431e03868e37707c
      size: 5024
    outs:
    - path: data/processed
      hash: md5
      md5: 525efbb5b42c6d114a018b0d7aaff74a.dir
      size: 417840673
      nfiles: 24947
  train:
    cmd: python -m src.models.train --params params.yaml
    deps:
    - path: data/processed
      hash: md5
      md5: 525efbb5b42c6d114a018b0d7aaff74a.dir
      size: 417840673
      nfiles: 24947
    - path: params.yaml
      hash: md5
      md5: 5ba89f122a301d7bb42c9516574c9358
      size: 616
    - path: src/models/eval.py
      hash: md5
      md5: 9fe5117569da6db0d49dc9e1fb231724
      size: 1888
    - path: src/models/modeling.py
      hash: md5
      md5: 3b27f62ce2cfdc168b80cd6b946b0868
      size: 1834
    - path: src/models/train.py
      hash: md5
      md5: 01f27446578aeb0a07b09b76125102b3
      size: 7821
    outs:
    - path: models/label_map.json
      hash: md5
      md5: 800e6509b07383c6ecf9e0153a0e8a2a
      size: 30
    - path: models/model.keras
      hash: md5
      md5: 255449aaf4498cedaf7a0fc1999f0f5e
      size: 22681617
    - path: reports/confusion_matrix.png
      hash: md5
      md5: 9ecbacdbd76ca43d0b7b4a22ffa3ede3
      size: 29004
    - path: reports/metrics.json
      hash: md5
      md5: 521658c2e1fcd2a67e09b4d842a95ec4
      size: 131
    - path: reports/training_curves.png
      hash: md5
      md5: f7d89183eef7bd3b8e38fea89f0bd9a9
      size: 72684
